{
  "version": 4,
  "terraform_version": "1.0.7",
  "serial": 7,
  "lineage": "95159226-37e0-c885-a035-e4cc18bd0029",
  "outputs": {},
  "resources": [
    {
      "mode": "managed",
      "type": "local_file",
      "name": "pet",
      "provider": "provider[\"registry.terraform.io/hashicorp/local\"]",
      "instances": [
        {
          "schema_version": 0,
          "attributes": {
            "content": "We Love pets !",
            "content_base64": null,
            "directory_permission": "0777",
            "file_permission": "0777",
            "filename": "./pets.txt",
            "id": "9ca197b51a90ca77540f9aad0ae0c639a4c595a4",
            "sensitive_content": null,
            "source": null
          },
          "sensitive_attributes": [],
          "private": "bnVsbA=="
        }
      ]
    },
    {
      "mode": "managed",
      "type": "random_pet",
      "name": "rand-pet",
      "provider": "provider[\"registry.terraform.io/hashicorp/random\"]",
      "instances": [
        {
          "schema_version": 0,
          "attributes": {
            "id": "Mrs.bug",
            "keepers": null,
            "length": 1,
            "prefix": "Mrs",
            "separator": "."
          },
          "sensitive_attributes": [],
          "private": "bnVsbA=="
        }
      ]
    }
  ]
}
